
Microsoft Visual Studio Solution File, Format Version 12.00
# Visual Studio 14
VisualStudioVersion = 14.0.25420.1
MinimumVisualStudioVersion = 10.0.40219.1
Project("{FAE04EC0-301F-11D3-BF4B-00C04F79EFBC}") = "ConsoleTestDB", "ConsoleTestDB\ConsoleTestDB.csproj", "{06C1C369-AB7B-46B8-9EAD-E6862495F0EE}"
EndProject
Project("{2150E333-8FDC-42A3-9474-1A3956D46DE8}") = "Db-base", "Db-base", "{113CC65A-F037-4F80-952A-5A730ACDA0E9}"
EndProject
Project("{FAE04EC0-301F-11D3-BF4B-00C04F79EFBC}") = "YW.Model", "..\ywartbase\src\YW.Model\YW.Model.csproj", "{3421A3B5-F479-4611-B192-03AE2C55C542}"
EndProject
Project("{FAE04EC0-301F-11D3-BF4B-00C04F79EFBC}") = "YW.Dal", "..\ywartbase\src\YW.Dal\YW.Dal.csproj", "{7A3D24CD-5F79-4F13-AC4B-81EBC0F4A1EA}"
EndProject
Project("{FAE04EC0-301F-11D3-BF4B-00C04F79EFBC}") = "YW.Common", "..\ywartbase\src\YW.Common\YW.Common.csproj", "{40FA8F81-0B48-4FC0-BE66-1AB506394C64}"
EndProject
Project("{FAE04EC0-301F-11D3-BF4B-00C04F79EFBC}") = "YW.Common.Test", "..\ywartbase\src\YW.Common.Test\YW.Common.Test.csproj", "{CB28A6A5-280F-40AF-8A95-4BAB0F8C0249}"
EndProject
Global
	GlobalSection(SolutionConfigurationPlatforms) = preSolution
		Debug|Any CPU = Debug|Any CPU
		Release|Any CPU = Release|Any CPU
	EndGlobalSection
	GlobalSection(ProjectConfigurationPlatforms) = postSolution
		{06C1C369-AB7B-46B8-9EAD-E6862495F0EE}.Debug|Any CPU.ActiveCfg = Debug|Any CPU
		{06C1C369-AB7B-46B8-9EAD-E6862495F0EE}.Debug|Any CPU.Build.0 = Debug|Any CPU
		{06C1C369-AB7B-46B8-9EAD-E6862495F0EE}.Release|Any CPU.ActiveCfg = Release|Any CPU
		{06C1C369-AB7B-46B8-9EAD-E6862495F0EE}.Release|Any CPU.Build.0 = Release|Any CPU
		{3421A3B5-F479-4611-B192-03AE2C55C542}.Debug|Any CPU.ActiveCfg = Debug|Any CPU
		{3421A3B5-F479-4611-B192-03AE2C55C542}.Debug|Any CPU.Build.0 = Debug|Any CPU
		{3421A3B5-F479-4611-B192-03AE2C55C542}.Release|Any CPU.ActiveCfg = Release|Any CPU
		{3421A3B5-F479-4611-B192-03AE2C55C542}.Release|Any CPU.Build.0 = Release|Any CPU
		{7A3D24CD-5F79-4F13-AC4B-81EBC0F4A1EA}.Debug|Any CPU.ActiveCfg = Debug|Any CPU
		{7A3D24CD-5F79-4F13-AC4B-81EBC0F4A1EA}.Debug|Any CPU.Build.0 = Debug|Any CPU
		{7A3D24CD-5F79-4F13-AC4B-81EBC0F4A1EA}.Release|Any CPU.ActiveCfg = Release|Any CPU
		{7A3D24CD-5F79-4F13-AC4B-81EBC0F4A1EA}.Release|Any CPU.Build.0 = Release|Any CPU
		{40FA8F81-0B48-4FC0-BE66-1AB506394C64}.Debug|Any CPU.ActiveCfg = Debug|Any CPU
		{40FA8F81-0B48-4FC0-BE66-1AB506394C64}.Debug|Any CPU.Build.0 = Debug|Any CPU
		{40FA8F81-0B48-4FC0-BE66-1AB506394C64}.Release|Any CPU.ActiveCfg = Release|Any CPU
		{40FA8F81-0B48-4FC0-BE66-1AB506394C64}.Release|Any CPU.Build.0 = Release|Any CPU
		{CB28A6A5-280F-40AF-8A95-4BAB0F8C0249}.Debug|Any CPU.ActiveCfg = Debug|Any CPU
		{CB28A6A5-280F-40AF-8A95-4BAB0F8C0249}.Debug|Any CPU.Build.0 = Debug|Any CPU
		{CB28A6A5-280F-40AF-8A95-4BAB0F8C0249}.Release|Any CPU.ActiveCfg = Release|Any CPU
		{CB28A6A5-280F-40AF-8A95-4BAB0F8C0249}.Release|Any CPU.Build.0 = Release|Any CPU
	EndGlobalSection
	GlobalSection(SolutionProperties) = preSolution
		HideSolutionNode = FALSE
	EndGlobalSection
	GlobalSection(NestedProjects) = preSolution
		{3421A3B5-F479-4611-B192-03AE2C55C542} = {113CC65A-F037-4F80-952A-5A730ACDA0E9}
		{7A3D24CD-5F79-4F13-AC4B-81EBC0F4A1EA} = {113CC65A-F037-4F80-952A-5A730ACDA0E9}
		{40FA8F81-0B48-4FC0-BE66-1AB506394C64} = {113CC65A-F037-4F80-952A-5A730ACDA0E9}
		{CB28A6A5-280F-40AF-8A95-4BAB0F8C0249} = {113CC65A-F037-4F80-952A-5A730ACDA0E9}
	EndGlobalSection
EndGlobal
